// !$*UTF8*$!
{
	archiveVersion = 1;
	classes = {
	};
	objectVersion = 50;
	objects = {

/* Begin PBXBuildFile section */
		CC334BA222E1C2C4005AF6B5 /* AppDelegate.m in Sources */ = {isa = PBXBuildFile; fileRef = CC334BA122E1C2C4005AF6B5 /* AppDelegate.m */; };
		CC334BA522E1C2C4005AF6B5 /* ViewController.m in Sources */ = {isa = PBXBuildFile; fileRef = CC334BA422E1C2C4005AF6B5 /* ViewController.m */; };
		CC334BA822E1C2C4005AF6B5 /* Main.storyboard in Resources */ = {isa = PBXBuildFile; fileRef = CC334BA622E1C2C4005AF6B5 /* Main.storyboard */; };
		CC334BAA22E1C2C5005AF6B5 /* Assets.xcassets in Resources */ = {isa = PBXBuildFile; fileRef = CC334BA922E1C2C5005AF6B5 /* Assets.xcassets */; };
		CC334BAD22E1C2C5005AF6B5 /* LaunchScreen.storyboard in Resources */ = {isa = PBXBuildFile; fileRef = CC334BAB22E1C2C5005AF6B5 /* LaunchScreen.storyboard */; };
		CC334BB022E1C2C5005AF6B5 /* main.m in Sources */ = {isa = PBXBuildFile; fileRef = CC334BAF22E1C2C5005AF6B5 /* main.m */; };
		CC334BBA22E1C2C5005AF6B5 /* LYSUIKitDemoTests.m in Sources */ = {isa = PBXBuildFile; fileRef = CC334BB922E1C2C5005AF6B5 /* LYSUIKitDemoTests.m */; };
		CC334BC522E1C2C5005AF6B5 /* LYSUIKitDemoUITests.m in Sources */ = {isa = PBXBuildFile; fileRef = CC334BC422E1C2C5005AF6B5 /* LYSUIKitDemoUITests.m */; };
		CC334BD522E1C3B7005AF6B5 /* LYSRadioView.m in Sources */ = {isa = PBXBuildFile; fileRef = CC334BD422E1C3B7005AF6B5 /* LYSRadioView.m */; };
		CC69A11C22E55F960090A5C5 /* LYSUIKit.podspec in Resources */ = {isa = PBXBuildFile; fileRef = CC69A11B22E55F950090A5C5 /* LYSUIKit.podspec */; };
		CC69A11E22E55F9A0090A5C5 /* README.md in Resources */ = {isa = PBXBuildFile; fileRef = CC69A11D22E55F9A0090A5C5 /* README.md */; };
		CCEC00A522E20AD900DCB0B0 /* CommonBtn.m in Sources */ = {isa = PBXBuildFile; fileRef = CCEC00A422E20AD900DCB0B0 /* CommonBtn.m */; };
		CCEC00A822E211B300DCB0B0 /* LYSCheckView.m in Sources */ = {isa = PBXBuildFile; fileRef = CCEC00A722E211B300DCB0B0 /* LYSCheckView.m */; };
/* End PBXBuildFile section */

/* Begin PBXContainerItemProxy section */
		CC334BB622E1C2C5005AF6B5 /* PBXContainerItemProxy */ = {
			isa = PBXContainerItemProxy;
			containerPortal = CC334B9522E1C2C4005AF6B5 /* Project object */;
			proxyType = 1;
			remoteGlobalIDString = CC334B9C22E1C2C4005AF6B5;
			remoteInfo = LYSUIKitDemo;
		};
		CC334BC122E1C2C5005AF6B5 /* PBXContainerItemProxy */ = {
			isa = PBXContainerItemProxy;
			containerPortal = CC334B9522E1C2C4005AF6B5 /* Project object */;
			proxyType = 1;
			remoteGlobalIDString = CC334B9C22E1C2C4005AF6B5;
			remoteInfo = LYSUIKitDemo;
		};
/* End PBXContainerItemProxy section */

/* Begin PBXFileReference section */
		CC334B9D22E1C2C4005AF6B5 /* LYSUIKitDemo.app */ = {isa = PBXFileReference; explicitFileType = wrapper.application; includeInIndex = 0; path = LYSUIKitDemo.app; sourceTree = BUILT_PRODUCTS_DIR; };
		CC334BA022E1C2C4005AF6B5 /* AppDelegate.h */ = {isa = PBXFileReference; lastKnownFileType = sourcecode.c.h; path = AppDelegate.h; sourceTree = "<group>"; };
		CC334BA122E1C2C4005AF6B5 /* AppDelegate.m */ = {isa = PBXFileReference; lastKnownFileType = sourcecode.c.objc; path = AppDelegate.m; sourceTree = "<group>"; };
		CC334BA322E1C2C4005AF6B5 /* ViewController.h */ = {isa = PBXFileReference; lastKnownFileType = sourcecode.c.h; path = ViewController.h; sourceTree = "<group>"; };
		CC334BA422E1C2C4005AF6B5 /* ViewController.m */ = {isa = PBXFileReference; lastKnownFileType = sourcecode.c.objc; path = ViewController.m; sourceTree = "<group>"; };
		CC334BA722E1C2C4005AF6B5 /* Base */ = {isa = PBXFileReference; lastKnownFileType = file.storyboard; name = Base; path = Base.lproj/Main.storyboard; sourceTree = "<group>"; };
		CC334BA922E1C2C5005AF6B5 /* Assets.xcassets */ = {isa = PBXFileReference; lastKnownFileType = folder.assetcatalog; path = Assets.xcassets; sourceTree = "<group>"; };
		CC334BAC22E1C2C5005AF6B5 /* Base */ = {isa = PBXFileReference; lastKnownFileType = file.storyboard; name = Base; path = Base.lproj/LaunchScreen.storyboard; sourceTree = "<group>"; };
		CC334BAE22E1C2C5005AF6B5 /* Info.plist */ = {isa = PBXFileReference; lastKnownFileType = text.plist.xml; path = Info.plist; sourceTree = "<group>"; };
		CC334BAF22E1C2C5005AF6B5 /* main.m */ = {isa = PBXFileReference; lastKnownFileType = sourcecode.c.objc; path = main.m; sourceTree = "<group>"; };
		CC334BB522E1C2C5005AF6B5 /* LYSUIKitDemoTests.xctest */ = {isa = PBXFileReference; explicitFileType = wrapper.cfbundle; includeInIndex = 0; path = LYSUIKitDemoTests.xctest; sourceTree = BUILT_PRODUCTS_DIR; };
		CC334BB922E1C2C5005AF6B5 /* LYSUIKitDemoTests.m */ = {isa = PBXFileReference; lastKnownFileType = sourcecode.c.objc; path = LYSUIKitDemoTests.m; sourceTree = "<group>"; };
		CC334BBB22E1C2C5005AF6B5 /* Info.plist */ = {isa = PBXFileReference; lastKnownFileType = text.plist.xml; path = Info.plist; sourceTree = "<group>"; };
		CC334BC022E1C2C5005AF6B5 /* LYSUIKitDemoUITests.xctest */ = {isa = PBXFileReference; explicitFileType = wrapper.cfbundle; includeInIndex = 0; path = LYSUIKitDemoUITests.xctest; sourceTree = BUILT_PRODUCTS_DIR; };
		CC334BC422E1C2C5005AF6B5 /* LYSUIKitDemoUITests.m */ = {isa = PBXFileReference; lastKnownFileType = sourcecode.c.objc; path = LYSUIKitDemoUITests.m; sourceTree = "<group>"; };
		CC334BC622E1C2C5005AF6B5 /* Info.plist */ = {isa = PBXFileReference; lastKnownFileType = text.plist.xml; path = Info.plist; sourceTree = "<group>"; };
		CC334BD322E1C3B7005AF6B5 /* LYSRadioView.h */ = {isa = PBXFileReference; lastKnownFileType = sourcecode.c.h; path = LYSRadioView.h; sourceTree = "<group>"; };
		CC334BD422E1C3B7005AF6B5 /* LYSRadioView.m */ = {isa = PBXFileReference; lastKnownFileType = sourcecode.c.objc; path = LYSRadioView.m; sourceTree = "<group>"; };
		CC69A11A22E55CE40090A5C5 /* LYSUIKit.h */ = {isa = PBXFileReference; lastKnownFileType = sourcecode.c.h; path = LYSUIKit.h; sourceTree = "<group>"; };
		CC69A11B22E55F950090A5C5 /* LYSUIKit.podspec */ = {isa = PBXFileReference; fileEncoding = 4; lastKnownFileType = text; name = LYSUIKit.podspec; path = ../../LYSUIKit.podspec; sourceTree = "<group>"; };
		CC69A11D22E55F9A0090A5C5 /* README.md */ = {isa = PBXFileReference; fileEncoding = 4; lastKnownFileType = net.daringfireball.markdown; name = README.md; path = ../../README.md; sourceTree = "<group>"; };
		CCEC00A322E20AD900DCB0B0 /* CommonBtn.h */ = {isa = PBXFileReference; lastKnownFileType = sourcecode.c.h; path = CommonBtn.h; sourceTree = "<group>"; };
		CCEC00A422E20AD900DCB0B0 /* CommonBtn.m */ = {isa = PBXFileReference; lastKnownFileType = sourcecode.c.objc; path = CommonBtn.m; sourceTree = "<group>"; };
		CCEC00A622E211B300DCB0B0 /* LYSCheckView.h */ = {isa = PBXFileReference; lastKnownFileType = sourcecode.c.h; path = LYSCheckView.h; sourceTree = "<group>"; };
		CCEC00A722E211B300DCB0B0 /* LYSCheckView.m */ = {isa = PBXFileReference; lastKnownFileType = sourcecode.c.objc; path = LYSCheckView.m; sourceTree = "<group>"; };
/* End PBXFileReference section */

/* Begin PBXFrameworksBuildPhase section */
		CC334B9A22E1C2C4005AF6B5 /* Frameworks */ = {
			isa = PBXFrameworksBuildPhase;
			buildActionMask = 2147483647;
			files = (
			);
			runOnlyForDeploymentPostprocessing = 0;
		};
		CC334BB222E1C2C5005AF6B5 /* Frameworks */ = {
			isa = PBXFrameworksBuildPhase;
			buildActionMask = 2147483647;
			files = (
			);
			runOnlyForDeploymentPostprocessing = 0;
		};
		CC334BBD22E1C2C5005AF6B5 /* Frameworks */ = {
			isa = PBXFrameworksBuildPhase;
			buildActionMask = 2147483647;
			files = (
			);
			runOnlyForDeploymentPostprocessing = 0;
		};
/* End PBXFrameworksBuildPhase section */

/* Begin PBXGroup section */
		CC334B9422E1C2C4005AF6B5 = {
			isa = PBXGroup;
			children = (
				CC334B9F22E1C2C4005AF6B5 /* LYSUIKitDemo */,
				CC334BB822E1C2C5005AF6B5 /* LYSUIKitDemoTests */,
				CC334BC322E1C2C5005AF6B5 /* LYSUIKitDemoUITests */,
				CC334B9E22E1C2C4005AF6B5 /* Products */,
			);
			sourceTree = "<group>";
		};
		CC334B9E22E1C2C4005AF6B5 /* Products */ = {
			isa = PBXGroup;
			children = (
				CC334B9D22E1C2C4005AF6B5 /* LYSUIKitDemo.app */,
				CC334BB522E1C2C5005AF6B5 /* LYSUIKitDemoTests.xctest */,
				CC334BC022E1C2C5005AF6B5 /* LYSUIKitDemoUITests.xctest */,
			);
			name = Products;
			sourceTree = "<group>";
		};
		CC334B9F22E1C2C4005AF6B5 /* LYSUIKitDemo */ = {
			isa = PBXGroup;
			children = (
				CC334BA022E1C2C4005AF6B5 /* AppDelegate.h */,
				CC334BA122E1C2C4005AF6B5 /* AppDelegate.m */,
				CC334BA322E1C2C4005AF6B5 /* ViewController.h */,
				CC334BA422E1C2C4005AF6B5 /* ViewController.m */,
				CC69A11D22E55F9A0090A5C5 /* README.md */,
				CC69A11B22E55F950090A5C5 /* LYSUIKit.podspec */,
				CCEC00A322E20AD900DCB0B0 /* CommonBtn.h */,
				CCEC00A422E20AD900DCB0B0 /* CommonBtn.m */,
				CC334BD222E1C31A005AF6B5 /* LYSUIKit */,
				CC334BA622E1C2C4005AF6B5 /* Main.storyboard */,
				CC334BA922E1C2C5005AF6B5 /* Assets.xcassets */,
				CC334BAB22E1C2C5005AF6B5 /* LaunchScreen.storyboard */,
				CC334BAE22E1C2C5005AF6B5 /* Info.plist */,
				CC334BAF22E1C2C5005AF6B5 /* main.m */,
			);
			path = LYSUIKitDemo;
			sourceTree = "<group>";
		};
		CC334BB822E1C2C5005AF6B5 /* LYSUIKitDemoTests */ = {
			isa = PBXGroup;
			children = (
				CC334BB922E1C2C5005AF6B5 /* LYSUIKitDemoTests.m */,
				CC334BBB22E1C2C5005AF6B5 /* Info.plist */,
			);
			path = LYSUIKitDemoTests;
			sourceTree = "<group>";
		};
		CC334BC322E1C2C5005AF6B5 /* LYSUIKitDemoUITests */ = {
			isa = PBXGroup;
			children = (
				CC334BC422E1C2C5005AF6B5 /* LYSUIKitDemoUITests.m */,
				CC334BC622E1C2C5005AF6B5 /* Info.plist */,
			);
			path = LYSUIKitDemoUITests;
			sourceTree = "<group>";
		};
		CC334BD222E1C31A005AF6B5 /* LYSUIKit */ = {
			isa = PBXGroup;
			children = (
				CC334BD322E1C3B7005AF6B5 /* LYSRadioView.h */,
				CC334BD422E1C3B7005AF6B5 /* LYSRadioView.m */,
				CCEC00A622E211B300DCB0B0 /* LYSCheckView.h */,
				CCEC00A722E211B300DCB0B0 /* LYSCheckView.m */,
				CC69A11A22E55CE40090A5C5 /* LYSUIKit.h */,
			);
			name = LYSUIKit;
			path = ../../LYSUIKit;
			sourceTree = "<group>";
		};
/* End PBXGroup section */

/* Begin PBXNativeTarget section */
		CC334B9C22E1C2C4005AF6B5 /* LYSUIKitDemo */ = {
			isa = PBXNativeTarget;
			buildConfigurationList = CC334BC922E1C2C5005AF6B5 /* Build configuration list for PBXNativeTarget "LYSUIKitDemo" */;
			buildPhases = (
				CC334B9922E1C2C4005AF6B5 /* Sources */,
				CC334B9A22E1C2C4005AF6B5 /* Frameworks */,
				CC334B9B22E1C2C4005AF6B5 /* Resources */,
			);
			buildRules = (
			);
			dependencies = (
			);
			name = LYSUIKitDemo;
			productName = LYSUIKitDemo;
			productReference = CC334B9D22E1C2C4005AF6B5 /* LYSUIKitDemo.app */;
			productType = "com.apple.product-type.application";
		};
		CC334BB422E1C2C5005AF6B5 /* LYSUIKitDemoTests */ = {
			isa = PBXNativeTarget;
			buildConfigurationList = CC334BCC22E1C2C5005AF6B5 /* Build configuration list for PBXNativeTarget "LYSUIKitDemoTests" */;
			buildPhases = (
				CC334BB122E1C2C5005AF6B5 /* Sources */,
				CC334BB222E1C2C5005AF6B5 /* Frameworks */,
				CC334BB322E1C2C5005AF6B5 /* Resources */,
			);
			buildRules = (
			);
			dependencies = (
				CC334BB722E1C2C5005AF6B5 /* PBXTargetDependency */,
			);
			name = LYSUIKitDemoTests;
			productName = LYSUIKitDemoTests;
			productReference = CC334BB522E1C2C5005AF6B5 /* LYSUIKitDemoTests.xctest */;
			productType = "com.apple.product-type.bundle.unit-test";
		};
		CC334BBF22E1C2C5005AF6B5 /* LYSUIKitDemoUITests */ = {
			isa = PBXNativeTarget;
			buildConfigurationList = CC334BCF22E1C2C5005AF6B5 /* Build configuration list for PBXNativeTarget "LYSUIKitDemoUITests" */;
			buildPhases = (
				CC334BBC22E1C2C5005AF6B5 /* Sources */,
				CC334BBD22E1C2C5005AF6B5 /* Frameworks */,
				CC334BBE22E1C2C5005AF6B5 /* Resources */,
			);
			buildRules = (
			);
			dependencies = (
				CC334BC222E1C2C5005AF6B5 /* PBXTargetDependency */,
			);
			name = LYSUIKitDemoUITests;
			productName = LYSUIKitDemoUITests;
			productReference = CC334BC022E1C2C5005AF6B5 /* LYSUIKitDemoUITests.xctest */;
			productType = "com.apple.product-type.bundle.ui-testing";
		};
/* End PBXNativeTarget section */

/* Begin PBXProject section */
		CC334B9522E1C2C4005AF6B5 /* Project object */ = {
			isa = PBXProject;
			attributes = {
				LastUpgradeCheck = 1020;
				ORGANIZATIONNAME = HENAN;
				TargetAttributes = {
					CC334B9C22E1C2C4005AF6B5 = {
						CreatedOnToolsVersion = 10.2.1;
					};
					CC334BB422E1C2C5005AF6B5 = {
						CreatedOnToolsVersion = 10.2.1;
						TestTargetID = CC334B9C22E1C2C4005AF6B5;
					};
					CC334BBF22E1C2C5005AF6B5 = {
						CreatedOnToolsVersion = 10.2.1;
						TestTargetID = CC334B9C22E1C2C4005AF6B5;
					};
				};
			};
			buildConfigurationList = CC334B9822E1C2C4005AF6B5 /* Build configuration list for PBXProject "LYSUIKitDemo" */;
			compatibilityVersion = "Xcode 9.3";
			developmentRegion = en;
			hasScannedForEncodings = 0;
			knownRegions = (
				en,
				Base,
			);
			mainGroup = CC334B9422E1C2C4005AF6B5;
			productRefGroup = CC334B9E22E1C2C4005AF6B5 /* Products */;
			projectDirPath = "";
			projectRoot = "";
			targets = (
				CC334B9C22E1C2C4005AF6B5 /* LYSUIKitDemo */,
				CC334BB422E1C2C5005AF6B5 /* LYSUIKitDemoTests */,
				CC334BBF22E1C2C5005AF6B5 /* LYSUIKitDemoUITests */,
			);
		};
/* End PBXProject section */

/* Begin PBXResourcesBuildPhase section */
		CC334B9B22E1C2C4005AF6B5 /* Resources */ = {
			isa = PBXResourcesBuildPhase;
			buildActionMask = 2147483647;
			files = (
				CC334BAD22E1C2C5005AF6B5 /* LaunchScreen.storyboard in Resources */,
				CC334BAA22E1C2C5005AF6B5 /* Assets.xcassets in Resources */,
				CC69A11E22E55F9A0090A5C5 /* README.md in Resources */,
				CC69A11C22E55F960090A5C5 /* LYSUIKit.podspec in Resources */,
				CC334BA822E1C2C4005AF6B5 /* Main.storyboard in Resources */,
			);
			runOnlyForDeploymentPostprocessing = 0;
		};
		CC334BB322E1C2C5005AF6B5 /* Resources */ = {
			isa = PBXResourcesBuildPhase;
			buildActionMask = 2147483647;
			files = (
			);
			runOnlyForDeploymentPostprocessing = 0;
		};
		CC334BBE22E1C2C5005AF6B5 /* Resources */ = {
			isa = PBXResourcesBuildPhase;
			buildActionMask = 2147483647;
			files = (
			);
			runOnlyForDeploymentPostprocessing = 0;
		};
/* End PBXResourcesBuildPhase section */

/* Begin PBXSourcesBuildPhase section */
		CC334B9922E1C2C4005AF6B5 /* Sources */ = {
			isa = PBXSourcesBuildPhase;
			buildActionMask = 2147483647;
			files = (
				CCEC00A822E211B300DCB0B0 /* LYSCheckView.m in Sources */,
				CC334BA522E1C2C4005AF6B5 /* ViewController.m in Sources */,
				CC334BB022E1C2C5005AF6B5 /* main.m in Sources */,
				CCEC00A522E20AD900DCB0B0 /* CommonBtn.m in Sources */,
				CC334BA222E1C2C4005AF6B5 /* AppDelegate.m in Sources */,
				CC334BD522E1C3B7005AF6B5 /* LYSRadioView.m in Sources */,
			);
			runOnlyForDeploymentPostprocessing = 0;
		};
		CC334BB122E1C2C5005AF6B5 /* Sources */ = {
			isa = PBXSourcesBuildPhase;
			buildActionMask = 2147483647;
			files = (
				CC334BBA22E1C2C5005AF6B5 /* LYSUIKitDemoTests.m in Sources */,
			);
			runOnlyForDeploymentPostprocessing = 0;
		};
		CC334BBC22E1C2C5005AF6B5 /* Sources */ = {
			isa = PBXSourcesBuildPhase;
			buildActionMask = 2147483647;
			files = (
				CC334BC522E1C2C5005AF6B5 /* LYSUIKitDemoUITests.m in Sources */,
			);
			runOnlyForDeploymentPostprocessing = 0;
		};
/* End PBXSourcesBuildPhase section */

/* Begin PBXTargetDependency section */
		CC334BB722E1C2C5005AF6B5 /* PBXTargetDependency */ = {
			isa = PBXTargetDependency;
			target = CC334B9C22E1C2C4005AF6B5 /* LYSUIKitDemo */;
			targetProxy = CC334BB622E1C2C5005AF6B5 /* PBXContainerItemProxy */;
		};
		CC334BC222E1C2C5005AF6B5 /* PBXTargetDependency */ = {
			isa = PBXTargetDependency;
			target = CC334B9C22E1C2C4005AF6B5 /* LYSUIKitDemo */;
			targetProxy = CC334BC122E1C2C5005AF6B5 /* PBXContainerItemProxy */;
		};
/* End PBXTargetDependency section */

/* Begin PBXVariantGroup section */
		CC334BA622E1C2C4005AF6B5 /* Main.storyboard */ = {
			isa = PBXVariantGroup;
			children = (
				CC334BA722E1C2C4005AF6B5 /* Base */,
			);
			name = Main.storyboard;
			sourceTree = "<group>";
		};
		CC334BAB22E1C2C5005AF6B5 /* LaunchScreen.storyboard */ = {
			isa = PBXVariantGroup;
			children = (
				CC334BAC22E1C2C5005AF6B5 /* Base */,
			);
			name = LaunchScreen.storyboard;
			sourceTree = "<group>";
		};
/* End PBXVariantGroup section */

/* Begin XCBuildConfiguration section */
		CC334BC722E1C2C5005AF6B5 /* Debug */ = {
			isa = XCBuildConfiguration;
			buildSettings = {
				ALWAYS_SEARCH_USER_PATHS = NO;
				CLANG_ANALYZER_NONNULL = YES;
				CLANG_ANALYZER_NUMBER_OBJECT_CONVERSION = YES_AGGRESSIVE;
				CLANG_CXX_LANGUAGE_STANDARD = "gnu++14";
				CLANG_CXX_LIBRARY = "libc++";
				CLANG_ENABLE_MODULES = YES;
				CLANG_ENABLE_OBJC_ARC = YES;
				CLANG_ENABLE_OBJC_WEAK = YES;
				CLANG_WARN_BLOCK_CAPTURE_AUTORELEASING = YES;
				CLANG_WARN_BOOL_CONVERSION = YES;
				CLANG_WARN_COMMA = YES;
				CLANG_WARN_CONSTANT_CONVERSION = YES;
				CLANG_WARN_DEPRECATED_OBJC_IMPLEMENTATIONS = YES;
				CLANG_WARN_DIRECT_OBJC_ISA_USAGE = YES_ERROR;
				CLANG_WARN_DOCUMENTATION_COMMENTS = YES;
				CLANG_WARN_EMPTY_BODY = YES;
				CLANG_WARN_ENUM_CONVERSION = YES;
				CLANG_WARN_INFINITE_RECURSION = YES;
				CLANG_WARN_INT_CONVERSION = YES;
				CLANG_WARN_NON_LITERAL_NULL_CONVERSION = YES;
				CLANG_WARN_OBJC_IMPLICIT_RETAIN_SELF = YES;
				CLANG_WARN_OBJC_LITERAL_CONVERSION = YES;
				CLANG_WARN_OBJC_ROOT_CLASS = YES_ERROR;
				CLANG_WARN_RANGE_LOOP_ANALYSIS = YES;
				CLANG_WARN_STRICT_PROTOTYPES = YES;
				CLANG_WARN_SUSPICIOUS_MOVE = YES;
				CLANG_WARN_UNGUARDED_AVAILABILITY = YES_AGGRESSIVE;
				CLANG_WARN_UNREACHABLE_CODE = YES;
				CLANG_WARN__DUPLICATE_METHOD_MATCH = YES;
				CODE_SIGN_IDENTITY = "iPhone Developer";
				COPY_PHASE_STRIP = NO;
				DEBUG_INFORMATION_FORMAT = dwarf;
				ENABLE_STRICT_OBJC_MSGSEND = YES;
				ENABLE_TESTABILITY = YES;
				GCC_C_LANGUAGE_STANDARD = gnu11;
				GCC_DYNAMIC_NO_PIC = NO;
				GCC_NO_COMMON_BLOCKS = YES;
				GCC_OPTIMIZATION_LEVEL = 0;
				GCC_PREPROCESSOR_DEFINITIONS = (
					"DEBUG=1",
					"$(inherited)",
				);
				GCC_WARN_64_TO_32_BIT_CONVERSION = YES;
				GCC_WARN_ABOUT_RETURN_TYPE = YES_ERROR;
				GCC_WARN_UNDECLARED_SELECTOR = YES;
				GCC_WARN_UNINITIALIZED_AUTOS = YES_AGGRESSIVE;
				GCC_WARN_UNUSED_FUNCTION = YES;
				GCC_WARN_UNUSED_VARIABLE = YES;
				IPHONEOS_DEPLOYMENT_TARGET = 12.2;
				MTL_ENABLE_DEBUG_INFO = INCLUDE_SOURCE;
				MTL_FAST_MATH = YES;
				ONLY_ACTIVE_ARCH = YES;
				SDKROOT = iphoneos;
			};
			name = Debug;
		};
		CC334BC822E1C2C5005AF6B5 /* Release */ = {
			isa = XCBuildConfiguration;
			buildSettings = {
				ALWAYS_SEARCH_USER_PATHS = NO;
				CLANG_ANALYZER_NONNULL = YES;
				CLANG_ANALYZER_NUMBER_OBJECT_CONVERSION = YES_AGGRESSIVE;
				CLANG_CXX_LANGUAGE_STANDARD = "gnu++14";
				CLANG_CXX_LIBRARY = "libc++";
				CLANG_ENABLE_MODULES = YES;
				CLANG_ENABLE_OBJC_ARC = YES;
				CLANG_ENABLE_OBJC_WEAK = YES;
				CLANG_WARN_BLOCK_CAPTURE_AUTORELEASING = YES;
				CLANG_WARN_BOOL_CONVERSION = YES;
				CLANG_WARN_COMMA = YES;
				CLANG_WARN_CONSTANT_CONVERSION = YES;
				CLANG_WARN_DEPRECATED_OBJC_IMPLEMENTATIONS = YES;
				CLANG_WARN_DIRECT_OBJC_ISA_USAGE = YES_ERROR;
				CLANG_WARN_DOCUMENTATION_COMMENTS = YES;
				CLANG_WARN_EMPTY_BODY = YES;
				CLANG_WARN_ENUM_CONVERSION = YES;
				CLANG_WARN_INFINITE_RECURSION = YES;
				CLANG_WARN_INT_CONVERSION = YES;
				CLANG_WARN_NON_LITERAL_NULL_CONVERSION = YES;
				CLANG_WARN_OBJC_IMPLICIT_RETAIN_SELF = YES;
				CLANG_WARN_OBJC_LITERAL_CONVERSION = YES;
				CLANG_WARN_OBJC_ROOT_CLASS = YES_ERROR;
				CLANG_WARN_RANGE_LOOP_ANALYSIS = YES;
				CLANG_WARN_STRICT_PROTOTYPES = YES;
				CLANG_WARN_SUSPICIOUS_MOVE = YES;
				CLANG_WARN_UNGUARDED_AVAILABILITY = YES_AGGRESSIVE;
				CLANG_WARN_UNREACHABLE_CODE = YES;
				CLANG_WARN__DUPLICATE_METHOD_MATCH = YES;
				CODE_SIGN_IDENTITY = "iPhone Developer";
				COPY_PHASE_STRIP = NO;
				DEBUG_INFORMATION_FORMAT = "dwarf-with-dsym";
				ENABLE_NS_ASSERTIONS = NO;
				ENABLE_STRICT_OBJC_MSGSEND = YES;
				GCC_C_LANGUAGE_STANDARD = gnu11;
				GCC_NO_COMMON_BLOCKS = YES;
				GCC_WARN_64_TO_32_BIT_CONVERSION = YES;
				GCC_WARN_ABOUT_RETURN_TYPE = YES_ERROR;
				GCC_WARN_UNDECLARED_SELECTOR = YES;
				GCC_WARN_UNINITIALIZED_AUTOS = YES_AGGRESSIVE;
				GCC_WARN_UNUSED_FUNCTION = YES;
				GCC_WARN_UNUSED_VARIABLE = YES;
				IPHONEOS_DEPLOYMENT_TARGET = 12.2;
				MTL_ENABLE_DEBUG_INFO = NO;
				MTL_FAST_MATH = YES;
				SDKROOT = iphoneos;
				VALIDATE_PRODUCT = YES;
			};
			name = Release;
		};
		CC334BCA22E1C2C5005AF6B5 /* Debug */ = {
			isa = XCBuildConfiguration;
			buildSettings = {
				ASSETCATALOG_COMPILER_APPICON_NAME = AppIcon;
				CODE_SIGN_STYLE = Manual;
				DEVELOPMENT_TEAM = "";
				INFOPLIST_FILE = LYSUIKitDemo/Info.plist;
				IPHONEOS_DEPLOYMENT_TARGET = 8.0;
				LD_RUNPATH_SEARCH_PATHS = (
					"$(inherited)",
					"@executable_path/Frameworks",
				);
				PRODUCT_BUNDLE_IDENTIFIER = LYS.LYSUIKitDemo;
				PRODUCT_NAME = "$(TARGET_NAME)";
				PROVISIONING_PROFILE_SPECIFIER = "";
				TARGETED_DEVICE_FAMILY = "1,2";
			};
			name = Debug;
		};
		CC334BCB22E1C2C5005AF6B5 /* Release */ = {
			isa = XCBuildConfiguration;
			buildSettings = {
				ASSETCATALOG_COMPILER_APPICON_NAME = AppIcon;
				CODE_SIGN_STYLE = Manual;
				DEVELOPMENT_TEAM = "";
				INFOPLIST_FILE = LYSUIKitDemo/Info.plist;
				IPHONEOS_DEPLOYMENT_TARGET = 8.0;
				LD_RUNPATH_SEARCH_PATHS = (
					"$(inherited)",
					"@executable_path/Frameworks",
				);
				PRODUCT_BUNDLE_IDENTIFIER = LYS.LYSUIKitDemo;
				PRODUCT_NAME = "$(TARGET_NAME)";
				PROVISIONING_PROFILE_SPECIFIER = "";
				TARGETED_DEVICE_FAMILY = "1,2";
			};
			name = Release;
		};
		CC334BCD22E1C2C5005AF6B5 /* Debug */ = {
			isa = XCBuildConfiguration;
			buildSettings = {
				BUNDLE_LOADER = "$(TEST_HOST)";
				CODE_SIGN_STYLE = Automatic;
				INFOPLIST_FILE = LYSUIKitDemoTests/Info.plist;
				LD_RUNPATH_SEARCH_PATHS = (
					"$(inherited)",
					"@executable_path/Frameworks",
					"@loader_path/Frameworks",
				);
				PRODUCT_BUNDLE_IDENTIFIER = LYS.LYSUIKitDemoTests;
				PRODUCT_NAME = "$(TARGET_NAME)";
				TARGETED_DEVICE_FAMILY = "1,2";
				TEST_HOST = "$(BUILT_PRODUCTS_DIR)/LYSUIKitDemo.app/LYSUIKitDemo";
			};
			name = Debug;
		};
		CC334BCE22E1C2C5005AF6B5 /* Release */ = {
			isa = XCBuildConfiguration;
			buildSettings = {
				BUNDLE_LOADER = "$(TEST_HOST)";
				CODE_SIGN_STYLE = Automatic;
				INFOPLIST_FILE = LYSUIKitDemoTests/Info.plist;
				LD_RUNPATH_SEARCH_PATHS = (
					"$(inherited)",
					"@executable_path/Frameworks",
					"@loader_path/Frameworks",
				);
				PRODUCT_BUNDLE_IDENTIFIER = LYS.LYSUIKitDemoTests;
				PRODUCT_NAME = "$(TARGET_NAME)";
				TARGETED_DEVICE_FAMILY = "1,2";
				TEST_HOST = "$(BUILT_PRODUCTS_DIR)/LYSUIKitDemo.app/LYSUIKitDemo";
			};
			name = Release;
		};
		CC334BD022E1C2C5005AF6B5 /* Debug */ = {
			isa = XCBuildConfiguration;
			buildSettings = {
				CODE_SIGN_STYLE = Automatic;
				INFOPLIST_FILE = LYSUIKitDemoUITests/Info.plist;
				LD_RUNPATH_SEARCH_PATHS = (
					"$(inherited)",
					"@executable_path/Frameworks",
					"@loader_path/Frameworks",
				);
				PRODUCT_BUNDLE_IDENTIFIER = LYS.LYSUIKitDemoUITests;
				PRODUCT_NAME = "$(TARGET_NAME)";
				TARGETED_DEVICE_FAMILY = "1,2";
				TEST_TARGET_NAME = LYSUIKitDemo;
			};
			name = Debug;
		};
		CC334BD122E1C2C5005AF6B5 /* Release */ = {
			isa = XCBuildConfiguration;
			buildSettings = {
				CODE_SIGN_STYLE = Automatic;
				INFOPLIST_FILE = LYSUIKitDemoUITests/Info.plist;
				LD_RUNPATH_SEARCH_PATHS = (
					"$(inherited)",
					"@executable_path/Frameworks",
					"@loader_path/Frameworks",
				);
				PRODUCT_BUNDLE_IDENTIFIER = LYS.LYSUIKitDemoUITests;
				PRODUCT_NAME = "$(TARGET_NAME)";
				TARGETED_DEVICE_FAMILY = "1,2";
				TEST_TARGET_NAME = LYSUIKitDemo;
			};
			name = Release;
		};
/* End XCBuildConfiguration section */

/* Begin XCConfigurationList section */
		CC334B9822E1C2C4005AF6B5 /* Build configuration list for PBXProject "LYSUIKitDemo" */ = {
			isa = XCConfigurationList;
			buildConfigurations = (
				CC334BC722E1C2C5005AF6B5 /* Debug */,
				CC334BC822E1C2C5005AF6B5 /* Release */,
			);
			defaultConfigurationIsVisible = 0;
			defaultConfigurationName = Release;
		};
		CC334BC922E1C2C5005AF6B5 /* Build configuration list for PBXNativeTarget "LYSUIKitDemo" */ = {
			isa = XCConfigurationList;
			buildConfigurations = (
				CC334BCA22E1C2C5005AF6B5 /* Debug */,
				CC334BCB22E1C2C5005AF6B5 /* Release */,
			);
			defaultConfigurationIsVisible = 0;
			defaultConfigurationName = Release;
		};
		CC334BCC22E1C2C5005AF6B5 /* Build configuration list for PBXNativeTarget "LYSUIKitDemoTests" */ = {
			isa = XCConfigurationList;
			buildConfigurations = (
				CC334BCD22E1C2C5005AF6B5 /* Debug */,
				CC334BCE22E1C2C5005AF6B5 /* Release */,
			);
			defaultConfigurationIsVisible = 0;
			defaultConfigurationName = Release;
		};
		CC334BCF22E1C2C5005AF6B5 /* Build configuration list for PBXNativeTarget "LYSUIKitDemoUITests" */ = {
			isa = XCConfigurationList;
			buildConfigurations = (
				CC334BD022E1C2C5005AF6B5 /* Debug */,
				CC334BD122E1C2C5005AF6B5 /* Release */,
			);
			defaultConfigurationIsVisible = 0;
			defaultConfigurationName = Release;
		};
/* End XCConfigurationList section */
	};
	rootObject = CC334B9522E1C2C4005AF6B5 /* Project object */;
}
